
Microsoft Visual Studio Solution File, Format Version 12.00
# Visual Studio Version 17
VisualStudioVersion = 17.1.32210.238
MinimumVisualStudioVersion = 10.0.40219.1
Project("{8BC9CEB8-8B4A-11D0-8D11-00A0C91BC942}") = "CS_395_Project", "CS_395_Project\CS_395_Project.vcxproj", "{8188FB7C-A57C-4CC0-AB81-DF15D807757B}"
EndProject
Project("{8BC9CEB8-8B4A-11D0-8D11-00A0C91BC942}") = "Moth", "Moth\Moth.vcxproj", "{3EF68D02-CFB4-4748-B481-F7AFAB5CEEDC}"
EndProject
Project("{8BC9CEB8-8B4A-11D0-8D11-00A0C91BC942}") = "glfw", "glfw\build\src\glfw.vcxproj", "{C4CCDCA1-7D9A-3879-84CB-AED1B83C154E}"
EndProject
Project("{8BC9CEB8-8B4A-11D0-8D11-00A0C91BC942}") = "glad", "glad\glad.vcxproj", "{0805BE85-9E6D-4852-88DC-609857504AA4}"
EndProject
Global
	GlobalSection(SolutionConfigurationPlatforms) = preSolution
		Debug|x64 = Debug|x64
		Debug|x86 = Debug|x86
		MinSizeRel|x64 = MinSizeRel|x64
		MinSizeRel|x86 = MinSizeRel|x86
		Release|x64 = Release|x64
		Release|x86 = Release|x86
		RelWithDebInfo|x64 = RelWithDebInfo|x64
		RelWithDebInfo|x86 = RelWithDebInfo|x86
	EndGlobalSection
	GlobalSection(ProjectConfigurationPlatforms) = postSolution
		{8188FB7C-A57C-4CC0-AB81-DF15D807757B}.Debug|x64.ActiveCfg = Debug|x64
		{8188FB7C-A57C-4CC0-AB81-DF15D807757B}.Debug|x64.Build.0 = Debug|x64
		{8188FB7C-A57C-4CC0-AB81-DF15D807757B}.Debug|x86.ActiveCfg = Debug|x64
		{8188FB7C-A57C-4CC0-AB81-DF15D807757B}.Debug|x86.Build.0 = Debug|x64
		{8188FB7C-A57C-4CC0-AB81-DF15D807757B}.MinSizeRel|x64.ActiveCfg = Release|x64
		{8188FB7C-A57C-4CC0-AB81-DF15D807757B}.MinSizeRel|x64.Build.0 = Release|x64
		{8188FB7C-A57C-4CC0-AB81-DF15D807757B}.MinSizeRel|x86.ActiveCfg = Release|x64
		{8188FB7C-A57C-4CC0-AB81-DF15D807757B}.MinSizeRel|x86.Build.0 = Release|x64
		{8188FB7C-A57C-4CC0-AB81-DF15D807757B}.Release|x64.ActiveCfg = Release|x64
		{8188FB7C-A57C-4CC0-AB81-DF15D807757B}.Release|x64.Build.0 = Release|x64
		{8188FB7C-A57C-4CC0-AB81-DF15D807757B}.Release|x86.ActiveCfg = Release|x64
		{8188FB7C-A57C-4CC0-AB81-DF15D807757B}.Release|x86.Build.0 = Release|x64
		{8188FB7C-A57C-4CC0-AB81-DF15D807757B}.RelWithDebInfo|x64.ActiveCfg = Release|x64
		{8188FB7C-A57C-4CC0-AB81-DF15D807757B}.RelWithDebInfo|x64.Build.0 = Release|x64
		{8188FB7C-A57C-4CC0-AB81-DF15D807757B}.RelWithDebInfo|x86.ActiveCfg = Release|x64
		{8188FB7C-A57C-4CC0-AB81-DF15D807757B}.RelWithDebInfo|x86.Build.0 = Release|x64
		{3EF68D02-CFB4-4748-B481-F7AFAB5CEEDC}.Debug|x64.ActiveCfg = Debug|x64
		{3EF68D02-CFB4-4748-B481-F7AFAB5CEEDC}.Debug|x64.Build.0 = Debug|x64
		{3EF68D02-CFB4-4748-B481-F7AFAB5CEEDC}.Debug|x86.ActiveCfg = Debug|x64
		{3EF68D02-CFB4-4748-B481-F7AFAB5CEEDC}.Debug|x86.Build.0 = Debug|x64
		{3EF68D02-CFB4-4748-B481-F7AFAB5CEEDC}.MinSizeRel|x64.ActiveCfg = Release|x64
		{3EF68D02-CFB4-4748-B481-F7AFAB5CEEDC}.MinSizeRel|x64.Build.0 = Release|x64
		{3EF68D02-CFB4-4748-B481-F7AFAB5CEEDC}.MinSizeRel|x86.ActiveCfg = Release|x64
		{3EF68D02-CFB4-4748-B481-F7AFAB5CEEDC}.MinSizeRel|x86.Build.0 = Release|x64
		{3EF68D02-CFB4-4748-B481-F7AFAB5CEEDC}.Release|x64.ActiveCfg = Release|x64
		{3EF68D02-CFB4-4748-B481-F7AFAB5CEEDC}.Release|x64.Build.0 = Release|x64
		{3EF68D02-CFB4-4748-B481-F7AFAB5CEEDC}.Release|x86.ActiveCfg = Release|x64
		{3EF68D02-CFB4-4748-B481-F7AFAB5CEEDC}.Release|x86.Build.0 = Release|x64
		{3EF68D02-CFB4-4748-B481-F7AFAB5CEEDC}.RelWithDebInfo|x64.ActiveCfg = Release|x64
		{3EF68D02-CFB4-4748-B481-F7AFAB5CEEDC}.RelWithDebInfo|x64.Build.0 = Release|x64
		{3EF68D02-CFB4-4748-B481-F7AFAB5CEEDC}.RelWithDebInfo|x86.ActiveCfg = Release|x64
		{3EF68D02-CFB4-4748-B481-F7AFAB5CEEDC}.RelWithDebInfo|x86.Build.0 = Release|x64
		{C4CCDCA1-7D9A-3879-84CB-AED1B83C154E}.Debug|x64.ActiveCfg = Debug|x64
		{C4CCDCA1-7D9A-3879-84CB-AED1B83C154E}.Debug|x64.Build.0 = Debug|x64
		{C4CCDCA1-7D9A-3879-84CB-AED1B83C154E}.Debug|x86.ActiveCfg = Debug|x64
		{C4CCDCA1-7D9A-3879-84CB-AED1B83C154E}.Debug|x86.Build.0 = Debug|x64
		{C4CCDCA1-7D9A-3879-84CB-AED1B83C154E}.MinSizeRel|x64.ActiveCfg = MinSizeRel|x64
		{C4CCDCA1-7D9A-3879-84CB-AED1B83C154E}.MinSizeRel|x64.Build.0 = MinSizeRel|x64
		{C4CCDCA1-7D9A-3879-84CB-AED1B83C154E}.MinSizeRel|x86.ActiveCfg = MinSizeRel|x64
		{C4CCDCA1-7D9A-3879-84CB-AED1B83C154E}.MinSizeRel|x86.Build.0 = MinSizeRel|x64
		{C4CCDCA1-7D9A-3879-84CB-AED1B83C154E}.Release|x64.ActiveCfg = Release|x64
		{C4CCDCA1-7D9A-3879-84CB-AED1B83C154E}.Release|x64.Build.0 = Release|x64
		{C4CCDCA1-7D9A-3879-84CB-AED1B83C154E}.Release|x86.ActiveCfg = Release|x64
		{C4CCDCA1-7D9A-3879-84CB-AED1B83C154E}.Release|x86.Build.0 = Release|x64
		{C4CCDCA1-7D9A-3879-84CB-AED1B83C154E}.RelWithDebInfo|x64.ActiveCfg = RelWithDebInfo|x64
		{C4CCDCA1-7D9A-3879-84CB-AED1B83C154E}.RelWithDebInfo|x64.Build.0 = RelWithDebInfo|x64
		{C4CCDCA1-7D9A-3879-84CB-AED1B83C154E}.RelWithDebInfo|x86.ActiveCfg = RelWithDebInfo|x64
		{C4CCDCA1-7D9A-3879-84CB-AED1B83C154E}.RelWithDebInfo|x86.Build.0 = RelWithDebInfo|x64
		{0805BE85-9E6D-4852-88DC-609857504AA4}.Debug|x64.ActiveCfg = Debug|x64
		{0805BE85-9E6D-4852-88DC-609857504AA4}.Debug|x64.Build.0 = Debug|x64
		{0805BE85-9E6D-4852-88DC-609857504AA4}.Debug|x86.ActiveCfg = Debug|Win32
		{0805BE85-9E6D-4852-88DC-609857504AA4}.Debug|x86.Build.0 = Debug|Win32
		{0805BE85-9E6D-4852-88DC-609857504AA4}.MinSizeRel|x64.ActiveCfg = Debug|x64
		{0805BE85-9E6D-4852-88DC-609857504AA4}.MinSizeRel|x64.Build.0 = Debug|x64
		{0805BE85-9E6D-4852-88DC-609857504AA4}.MinSizeRel|x86.ActiveCfg = Debug|Win32
		{0805BE85-9E6D-4852-88DC-609857504AA4}.MinSizeRel|x86.Build.0 = Debug|Win32
		{0805BE85-9E6D-4852-88DC-609857504AA4}.Release|x64.ActiveCfg = Release|x64
		{0805BE85-9E6D-4852-88DC-609857504AA4}.Release|x64.Build.0 = Release|x64
		{0805BE85-9E6D-4852-88DC-609857504AA4}.Release|x86.ActiveCfg = Release|Win32
		{0805BE85-9E6D-4852-88DC-609857504AA4}.Release|x86.Build.0 = Release|Win32
		{0805BE85-9E6D-4852-88DC-609857504AA4}.RelWithDebInfo|x64.ActiveCfg = Release|x64
		{0805BE85-9E6D-4852-88DC-609857504AA4}.RelWithDebInfo|x64.Build.0 = Release|x64
		{0805BE85-9E6D-4852-88DC-609857504AA4}.RelWithDebInfo|x86.ActiveCfg = Release|Win32
		{0805BE85-9E6D-4852-88DC-609857504AA4}.RelWithDebInfo|x86.Build.0 = Release|Win32
	EndGlobalSection
	GlobalSection(SolutionProperties) = preSolution
		HideSolutionNode = FALSE
	EndGlobalSection
	GlobalSection(ExtensibilityGlobals) = postSolution
		SolutionGuid = {5188DAB8-D5E0-4677-9AC5-1C815BE7BC4B}
	EndGlobalSection
EndGlobal
