
Microsoft Visual Studio Solution File, Format Version 12.00
# Visual Studio Version 17
VisualStudioVersion = 17.1.32210.238
MinimumVisualStudioVersion = 10.0.40219.1
Project("{8BC9CEB8-8B4A-11D0-8D11-00A0C91BC942}") = "CS_395_Project", "CS_395_Project\CS_395_Project.vcxproj", "{8188FB7C-A57C-4CC0-AB81-DF15D807757B}"
EndProject
Project("{8BC9CEB8-8B4A-11D0-8D11-00A0C91BC942}") = "Moth", "Moth\Moth.vcxproj", "{3EF68D02-CFB4-4748-B481-F7AFAB5CEEDC}"
	ProjectSection(ProjectDependencies) = postProject
		{8AEC1499-E1A3-42B9-BE23-4CAC6E96A391} = {8AEC1499-E1A3-42B9-BE23-4CAC6E96A391}
	EndProjectSection
EndProject
Project("{8BC9CEB8-8B4A-11D0-8D11-00A0C91BC942}") = "glfw", "glfw\build\src\glfw.vcxproj", "{DCB297AD-9B68-3240-B819-4CCA14E997B9}"
EndProject
Project("{8BC9CEB8-8B4A-11D0-8D11-00A0C91BC942}") = "glad", "glad\glad.vcxproj", "{8AEC1499-E1A3-42B9-BE23-4CAC6E96A391}"
EndProject
Project("{8BC9CEB8-8B4A-11D0-8D11-00A0C91BC942}") = "stbi", "stbi\stbi.vcxproj", "{2060765B-6EFE-46EC-A0D9-304F800ECB64}"
EndProject
Global
	GlobalSection(SolutionConfigurationPlatforms) = preSolution
		Debug|x64 = Debug|x64
		Debug|x86 = Debug|x86
		MinSizeRel|x64 = MinSizeRel|x64
		MinSizeRel|x86 = MinSizeRel|x86
		Release|x64 = Release|x64
		Release|x86 = Release|x86
		RelWithDebInfo|x64 = RelWithDebInfo|x64
		RelWithDebInfo|x86 = RelWithDebInfo|x86
	EndGlobalSection
	GlobalSection(ProjectConfigurationPlatforms) = postSolution
		{8188FB7C-A57C-4CC0-AB81-DF15D807757B}.Debug|x64.ActiveCfg = Debug|x64
		{8188FB7C-A57C-4CC0-AB81-DF15D807757B}.Debug|x64.Build.0 = Debug|x64
		{8188FB7C-A57C-4CC0-AB81-DF15D807757B}.Debug|x86.ActiveCfg = Debug|x64
		{8188FB7C-A57C-4CC0-AB81-DF15D807757B}.Debug|x86.Build.0 = Debug|x64
		{8188FB7C-A57C-4CC0-AB81-DF15D807757B}.MinSizeRel|x64.ActiveCfg = Release|x64
		{8188FB7C-A57C-4CC0-AB81-DF15D807757B}.MinSizeRel|x64.Build.0 = Release|x64
		{8188FB7C-A57C-4CC0-AB81-DF15D807757B}.MinSizeRel|x86.ActiveCfg = Release|x64
		{8188FB7C-A57C-4CC0-AB81-DF15D807757B}.MinSizeRel|x86.Build.0 = Release|x64
		{8188FB7C-A57C-4CC0-AB81-DF15D807757B}.Release|x64.ActiveCfg = Release|x64
		{8188FB7C-A57C-4CC0-AB81-DF15D807757B}.Release|x64.Build.0 = Release|x64
		{8188FB7C-A57C-4CC0-AB81-DF15D807757B}.Release|x86.ActiveCfg = Release|x64
		{8188FB7C-A57C-4CC0-AB81-DF15D807757B}.Release|x86.Build.0 = Release|x64
		{8188FB7C-A57C-4CC0-AB81-DF15D807757B}.RelWithDebInfo|x64.ActiveCfg = Release|x64
		{8188FB7C-A57C-4CC0-AB81-DF15D807757B}.RelWithDebInfo|x64.Build.0 = Release|x64
		{8188FB7C-A57C-4CC0-AB81-DF15D807757B}.RelWithDebInfo|x86.ActiveCfg = Release|x64
		{8188FB7C-A57C-4CC0-AB81-DF15D807757B}.RelWithDebInfo|x86.Build.0 = Release|x64
		{3EF68D02-CFB4-4748-B481-F7AFAB5CEEDC}.Debug|x64.ActiveCfg = Debug|x64
		{3EF68D02-CFB4-4748-B481-F7AFAB5CEEDC}.Debug|x64.Build.0 = Debug|x64
		{3EF68D02-CFB4-4748-B481-F7AFAB5CEEDC}.Debug|x86.ActiveCfg = Debug|x64
		{3EF68D02-CFB4-4748-B481-F7AFAB5CEEDC}.Debug|x86.Build.0 = Debug|x64
		{3EF68D02-CFB4-4748-B481-F7AFAB5CEEDC}.MinSizeRel|x64.ActiveCfg = Release|x64
		{3EF68D02-CFB4-4748-B481-F7AFAB5CEEDC}.MinSizeRel|x64.Build.0 = Release|x64
		{3EF68D02-CFB4-4748-B481-F7AFAB5CEEDC}.MinSizeRel|x86.ActiveCfg = Release|x64
		{3EF68D02-CFB4-4748-B481-F7AFAB5CEEDC}.MinSizeRel|x86.Build.0 = Release|x64
		{3EF68D02-CFB4-4748-B481-F7AFAB5CEEDC}.Release|x64.ActiveCfg = Release|x64
		{3EF68D02-CFB4-4748-B481-F7AFAB5CEEDC}.Release|x64.Build.0 = Release|x64
		{3EF68D02-CFB4-4748-B481-F7AFAB5CEEDC}.Release|x86.ActiveCfg = Release|x64
		{3EF68D02-CFB4-4748-B481-F7AFAB5CEEDC}.Release|x86.Build.0 = Release|x64
		{3EF68D02-CFB4-4748-B481-F7AFAB5CEEDC}.RelWithDebInfo|x64.ActiveCfg = Release|x64
		{3EF68D02-CFB4-4748-B481-F7AFAB5CEEDC}.RelWithDebInfo|x64.Build.0 = Release|x64
		{3EF68D02-CFB4-4748-B481-F7AFAB5CEEDC}.RelWithDebInfo|x86.ActiveCfg = Release|x64
		{3EF68D02-CFB4-4748-B481-F7AFAB5CEEDC}.RelWithDebInfo|x86.Build.0 = Release|x64
		{DCB297AD-9B68-3240-B819-4CCA14E997B9}.Debug|x64.ActiveCfg = Debug|x64
		{DCB297AD-9B68-3240-B819-4CCA14E997B9}.Debug|x64.Build.0 = Debug|x64
		{DCB297AD-9B68-3240-B819-4CCA14E997B9}.Debug|x86.ActiveCfg = Debug|x64
		{DCB297AD-9B68-3240-B819-4CCA14E997B9}.Debug|x86.Build.0 = Debug|x64
		{DCB297AD-9B68-3240-B819-4CCA14E997B9}.MinSizeRel|x64.ActiveCfg = MinSizeRel|x64
		{DCB297AD-9B68-3240-B819-4CCA14E997B9}.MinSizeRel|x64.Build.0 = MinSizeRel|x64
		{DCB297AD-9B68-3240-B819-4CCA14E997B9}.MinSizeRel|x86.ActiveCfg = MinSizeRel|x64
		{DCB297AD-9B68-3240-B819-4CCA14E997B9}.MinSizeRel|x86.Build.0 = MinSizeRel|x64
		{DCB297AD-9B68-3240-B819-4CCA14E997B9}.Release|x64.ActiveCfg = Release|x64
		{DCB297AD-9B68-3240-B819-4CCA14E997B9}.Release|x64.Build.0 = Release|x64
		{DCB297AD-9B68-3240-B819-4CCA14E997B9}.Release|x86.ActiveCfg = Release|x64
		{DCB297AD-9B68-3240-B819-4CCA14E997B9}.Release|x86.Build.0 = Release|x64
		{DCB297AD-9B68-3240-B819-4CCA14E997B9}.RelWithDebInfo|x64.ActiveCfg = RelWithDebInfo|x64
		{DCB297AD-9B68-3240-B819-4CCA14E997B9}.RelWithDebInfo|x64.Build.0 = RelWithDebInfo|x64
		{DCB297AD-9B68-3240-B819-4CCA14E997B9}.RelWithDebInfo|x86.ActiveCfg = RelWithDebInfo|x64
		{DCB297AD-9B68-3240-B819-4CCA14E997B9}.RelWithDebInfo|x86.Build.0 = RelWithDebInfo|x64
		{8AEC1499-E1A3-42B9-BE23-4CAC6E96A391}.Debug|x64.ActiveCfg = Debug|x64
		{8AEC1499-E1A3-42B9-BE23-4CAC6E96A391}.Debug|x64.Build.0 = Debug|x64
		{8AEC1499-E1A3-42B9-BE23-4CAC6E96A391}.Debug|x86.ActiveCfg = Debug|Win32
		{8AEC1499-E1A3-42B9-BE23-4CAC6E96A391}.Debug|x86.Build.0 = Debug|Win32
		{8AEC1499-E1A3-42B9-BE23-4CAC6E96A391}.MinSizeRel|x64.ActiveCfg = Debug|x64
		{8AEC1499-E1A3-42B9-BE23-4CAC6E96A391}.MinSizeRel|x64.Build.0 = Debug|x64
		{8AEC1499-E1A3-42B9-BE23-4CAC6E96A391}.MinSizeRel|x86.ActiveCfg = Debug|Win32
		{8AEC1499-E1A3-42B9-BE23-4CAC6E96A391}.MinSizeRel|x86.Build.0 = Debug|Win32
		{8AEC1499-E1A3-42B9-BE23-4CAC6E96A391}.Release|x64.ActiveCfg = Release|x64
		{8AEC1499-E1A3-42B9-BE23-4CAC6E96A391}.Release|x64.Build.0 = Release|x64
		{8AEC1499-E1A3-42B9-BE23-4CAC6E96A391}.Release|x86.ActiveCfg = Release|Win32
		{8AEC1499-E1A3-42B9-BE23-4CAC6E96A391}.Release|x86.Build.0 = Release|Win32
		{8AEC1499-E1A3-42B9-BE23-4CAC6E96A391}.RelWithDebInfo|x64.ActiveCfg = Release|x64
		{8AEC1499-E1A3-42B9-BE23-4CAC6E96A391}.RelWithDebInfo|x64.Build.0 = Release|x64
		{8AEC1499-E1A3-42B9-BE23-4CAC6E96A391}.RelWithDebInfo|x86.ActiveCfg = Release|Win32
		{8AEC1499-E1A3-42B9-BE23-4CAC6E96A391}.RelWithDebInfo|x86.Build.0 = Release|Win32
		{2060765B-6EFE-46EC-A0D9-304F800ECB64}.Debug|x64.ActiveCfg = Debug|x64
		{2060765B-6EFE-46EC-A0D9-304F800ECB64}.Debug|x64.Build.0 = Debug|x64
		{2060765B-6EFE-46EC-A0D9-304F800ECB64}.Debug|x86.ActiveCfg = Debug|Win32
		{2060765B-6EFE-46EC-A0D9-304F800ECB64}.Debug|x86.Build.0 = Debug|Win32
		{2060765B-6EFE-46EC-A0D9-304F800ECB64}.MinSizeRel|x64.ActiveCfg = Debug|x64
		{2060765B-6EFE-46EC-A0D9-304F800ECB64}.MinSizeRel|x64.Build.0 = Debug|x64
		{2060765B-6EFE-46EC-A0D9-304F800ECB64}.MinSizeRel|x86.ActiveCfg = Debug|Win32
		{2060765B-6EFE-46EC-A0D9-304F800ECB64}.MinSizeRel|x86.Build.0 = Debug|Win32
		{2060765B-6EFE-46EC-A0D9-304F800ECB64}.Release|x64.ActiveCfg = Release|x64
		{2060765B-6EFE-46EC-A0D9-304F800ECB64}.Release|x64.Build.0 = Release|x64
		{2060765B-6EFE-46EC-A0D9-304F800ECB64}.Release|x86.ActiveCfg = Release|Win32
		{2060765B-6EFE-46EC-A0D9-304F800ECB64}.Release|x86.Build.0 = Release|Win32
		{2060765B-6EFE-46EC-A0D9-304F800ECB64}.RelWithDebInfo|x64.ActiveCfg = Release|x64
		{2060765B-6EFE-46EC-A0D9-304F800ECB64}.RelWithDebInfo|x64.Build.0 = Release|x64
		{2060765B-6EFE-46EC-A0D9-304F800ECB64}.RelWithDebInfo|x86.ActiveCfg = Release|Win32
		{2060765B-6EFE-46EC-A0D9-304F800ECB64}.RelWithDebInfo|x86.Build.0 = Release|Win32
	EndGlobalSection
	GlobalSection(SolutionProperties) = preSolution
		HideSolutionNode = FALSE
	EndGlobalSection
	GlobalSection(ExtensibilityGlobals) = postSolution
		SolutionGuid = {5188DAB8-D5E0-4677-9AC5-1C815BE7BC4B}
	EndGlobalSection
EndGlobal
